
Microsoft Visual Studio Solution File, Format Version 12.00
# Visual Studio Version 17
VisualStudioVersion = 17.7.34018.315
MinimumVisualStudioVersion = 10.0.40219.1
Project("{9A19103F-16F7-4668-BE54-9A1E7A4F7556}") = "Juego", "Juego\Juego.csproj", "{F3166B1B-F776-462A-A00F-0E523231BE3C}"
EndProject
Project("{9A19103F-16F7-4668-BE54-9A1E7A4F7556}") = "Kirby_New_Adventure", "Kirby_New_Adventure\Kirby_New_Adventure.csproj", "{9BDEAB90-9237-4FE5-827F-1366360811B5}"
EndProject
Global
	GlobalSection(SolutionConfigurationPlatforms) = preSolution
		Debug|Any CPU = Debug|Any CPU
		Release|Any CPU = Release|Any CPU
	EndGlobalSection
	GlobalSection(ProjectConfigurationPlatforms) = postSolution
		{F3166B1B-F776-462A-A00F-0E523231BE3C}.Debug|Any CPU.ActiveCfg = Debug|Any CPU
		{F3166B1B-F776-462A-A00F-0E523231BE3C}.Debug|Any CPU.Build.0 = Debug|Any CPU
		{F3166B1B-F776-462A-A00F-0E523231BE3C}.Release|Any CPU.ActiveCfg = Release|Any CPU
		{F3166B1B-F776-462A-A00F-0E523231BE3C}.Release|Any CPU.Build.0 = Release|Any CPU
		{9BDEAB90-9237-4FE5-827F-1366360811B5}.Debug|Any CPU.ActiveCfg = Debug|Any CPU
		{9BDEAB90-9237-4FE5-827F-1366360811B5}.Debug|Any CPU.Build.0 = Debug|Any CPU
		{9BDEAB90-9237-4FE5-827F-1366360811B5}.Release|Any CPU.ActiveCfg = Release|Any CPU
		{9BDEAB90-9237-4FE5-827F-1366360811B5}.Release|Any CPU.Build.0 = Release|Any CPU
	EndGlobalSection
	GlobalSection(SolutionProperties) = preSolution
		HideSolutionNode = FALSE
	EndGlobalSection
	GlobalSection(ExtensibilityGlobals) = postSolution
		SolutionGuid = {A1586480-0026-4280-A41F-F746D9DE7CAC}
	EndGlobalSection
EndGlobal
